
Microsoft Visual Studio Solution File, Format Version 12.00
# Visual Studio 15
VisualStudioVersion = 15.0.28307.572
MinimumVisualStudioVersion = 10.0.40219.1
Project("{8BC9CEB8-8B4A-11D0-8D11-00A0C91BC942}") = "01_introduction", "introduction\introduction.vcxproj", "{E99A4E4F-B07B-4240-BAF1-F880DEB1149E}"
EndProject
Project("{8BC9CEB8-8B4A-11D0-8D11-00A0C91BC942}") = "02_first_program", "first_program\first_program.vcxproj", "{794FC5D8-5819-4742-A694-71749ED1EDF7}"
EndProject
Project("{8BC9CEB8-8B4A-11D0-8D11-00A0C91BC942}") = "03_variableAndDefine", "variable\variable.vcxproj", "{453AD8AB-5944-41E6-BAC3-18A790381615}"
EndProject
Project("{8BC9CEB8-8B4A-11D0-8D11-00A0C91BC942}") = "04_stream", "stream\stream.vcxproj", "{04E3E1BE-226F-4F7C-9E53-DAC7740F6A68}"
EndProject
Project("{8BC9CEB8-8B4A-11D0-8D11-00A0C91BC942}") = "05_dataManupulation", "dataManupulation\dataManupulation.vcxproj", "{6860061A-862B-4EAA-BA0F-15E0BACFEDCE}"
EndProject
Project("{8BC9CEB8-8B4A-11D0-8D11-00A0C91BC942}") = "06_modifierTypes", "05_modifierTypes\05_modifierTypes.vcxproj", "{8EA25224-069B-4CCE-83A9-1F352FBF6BC3}"
EndProject
Project("{8BC9CEB8-8B4A-11D0-8D11-00A0C91BC942}") = "07_arithmeticOperators", "arithmeticOperators\arithmeticOperators.vcxproj", "{45806806-8D33-454E-B1F9-E5B5CCE74319}"
EndProject
Project("{8BC9CEB8-8B4A-11D0-8D11-00A0C91BC942}") = "08_SimpleCalculator", "08_SimpleCalculate\08_SimpleCalculate.vcxproj", "{B54BEFFB-95AC-4B3B-88B7-C8AE8BF3DB53}"
EndProject
Project("{8BC9CEB8-8B4A-11D0-8D11-00A0C91BC942}") = "09_relationalOperatorsAndConditionOperators", "09_relationalOperators\09_relationalOperators.vcxproj", "{2D4136B5-9EF5-412C-BD62-815088A1CFEF}"
EndProject
Project("{8BC9CEB8-8B4A-11D0-8D11-00A0C91BC942}") = "10_conditionOperators", "10_conditionOperators\10_conditionOperators.vcxproj", "{6C097FE4-C193-497B-AEC4-02B1B15AF4F4}"
EndProject
Project("{8BC9CEB8-8B4A-11D0-8D11-00A0C91BC942}") = "11_LogicOperators", "11_LogicOperators\11_LogicOperators.vcxproj", "{42ED4465-DC50-4854-B137-88561F637FFB}"
EndProject
Project("{8BC9CEB8-8B4A-11D0-8D11-00A0C91BC942}") = "12_AtributionOperators", "AtributionOperators\AtributionOperators.vcxproj", "{CDD54B62-6ED5-4C13-B1D4-FE94C547E44B}"
EndProject
Project("{8BC9CEB8-8B4A-11D0-8D11-00A0C91BC942}") = "13_forStructure", "loopStructure\loopStructure.vcxproj", "{B49CBDBE-771B-4587-92AF-80280102AD57}"
EndProject
Project("{8BC9CEB8-8B4A-11D0-8D11-00A0C91BC942}") = "14_tabuada", "14_tabuada\14_tabuada.vcxproj", "{0B0CF83F-EBDB-4634-B7C3-B82F96F2A76C}"
EndProject
Project("{8BC9CEB8-8B4A-11D0-8D11-00A0C91BC942}") = "15_whileAndDoWhile", "15_while\15_while.vcxproj", "{D3754648-6774-4B55-A96E-AFC8233BDFD9}"
EndProject
Project("{8BC9CEB8-8B4A-11D0-8D11-00A0C91BC942}") = "16_ifTernario", "16_ifTernario\16_ifTernario.vcxproj", "{8E0BCBDB-6FE6-4F5D-927E-6D19AF6A0F51}"
EndProject
Project("{8BC9CEB8-8B4A-11D0-8D11-00A0C91BC942}") = "17_array", "17_array\17_array.vcxproj", "{F68DDE4C-180A-4DDB-BD47-0CE05654E093}"
EndProject
Project("{8BC9CEB8-8B4A-11D0-8D11-00A0C91BC942}") = "18_struct", "18_struct\18_struct.vcxproj", "{7C7CB82B-5FC1-40F6-99F6-BFCCBC1F0269}"
EndProject
Project("{8BC9CEB8-8B4A-11D0-8D11-00A0C91BC942}") = "19_mainFunction", "19_mainFunction\19_mainFunction.vcxproj", "{00AFE0A3-CCAE-4EE6-892C-A40E0C7AE33B}"
EndProject
Project("{8BC9CEB8-8B4A-11D0-8D11-00A0C91BC942}") = "20_functions", "20_functions\20_functions.vcxproj", "{0568987F-91B1-4840-9369-F3D959F8972A}"
EndProject
Project("{8BC9CEB8-8B4A-11D0-8D11-00A0C91BC942}") = "21_recursiveFunction", "21_recursiveFunction\21_recursiveFunction.vcxproj", "{0544D18A-FB91-4D3D-9B0F-E5519871824E}"
EndProject
Project("{8BC9CEB8-8B4A-11D0-8D11-00A0C91BC942}") = "22_enum", "22_enum\22_enum.vcxproj", "{22F1F4C9-2AEC-4699-A46C-C263BDC97642}"
EndProject
Project("{8BC9CEB8-8B4A-11D0-8D11-00A0C91BC942}") = "23_stack", "23_stack\23_stack.vcxproj", "{DD6F6CCA-71ED-4B2D-87EE-D25ABA582E1C}"
EndProject
Project("{8BC9CEB8-8B4A-11D0-8D11-00A0C91BC942}") = "24_queue", "24_queue\24_queue.vcxproj", "{C9FAEADC-8FE6-426B-BEEA-C634A2983ED2}"
EndProject
Project("{8BC9CEB8-8B4A-11D0-8D11-00A0C91BC942}") = "25_list", "25_list\25_list.vcxproj", "{1A4E789B-4E61-4454-88DB-2BC1D355144E}"
EndProject
Project("{8BC9CEB8-8B4A-11D0-8D11-00A0C91BC942}") = "26_struct_B", "26_struct_B\26_struct_B.vcxproj", "{DE34AEE0-037C-40EC-8F0A-24B04911E73E}"
EndProject
Project("{8BC9CEB8-8B4A-11D0-8D11-00A0C91BC942}") = "27_struct_C", "27_struct_C\27_struct_C.vcxproj", "{5C54B13F-7863-4525-A954-BD7A49CF5F8E}"
EndProject
Project("{8BC9CEB8-8B4A-11D0-8D11-00A0C91BC942}") = "28_ponteiro", "28_ponteiro\28_ponteiro.vcxproj", "{AF5AF8E9-8CB0-4075-BA7C-3924F5E2E684}"
EndProject
Project("{8BC9CEB8-8B4A-11D0-8D11-00A0C91BC942}") = "29_ponteiro_B", "29_ponteiro\29_ponteiro.vcxproj", "{5A081DFF-EDD7-47F0-A94C-9D9D5BC19D26}"
EndProject
Project("{8BC9CEB8-8B4A-11D0-8D11-00A0C91BC942}") = "30_ponteiros_C", "30_ponteiros_C\30_ponteiros_C.vcxproj", "{B342A83F-8272-4BDA-9DCD-57350FF6CD24}"
EndProject
Project("{8BC9CEB8-8B4A-11D0-8D11-00A0C91BC942}") = "31_vector", "31_vector\31_vector.vcxproj", "{C897D386-70CB-4E19-A765-0F60E03964D1}"
EndProject
Project("{8BC9CEB8-8B4A-11D0-8D11-00A0C91BC942}") = "32_system", "32_system\32_system.vcxproj", "{CC27AF89-C7E8-4CF0-9AF9-7AFEBE308951}"
EndProject
Project("{8BC9CEB8-8B4A-11D0-8D11-00A0C91BC942}") = "33_POO_A", "33_POO\33_POO.vcxproj", "{DBED75E1-F9A0-4DFC-A8E4-AA0249C98918}"
EndProject
Project("{8BC9CEB8-8B4A-11D0-8D11-00A0C91BC942}") = "34_POO_B", "34_POO\34_POO.vcxproj", "{BB045421-BDB4-4F17-A4B2-BFDDD7E5CD48}"
EndProject
Project("{8BC9CEB8-8B4A-11D0-8D11-00A0C91BC942}") = "35_POO_C", "35_POO\35_POO.vcxproj", "{0AB59D2C-A145-4657-8303-168EFAFFBE39}"
EndProject
Project("{8BC9CEB8-8B4A-11D0-8D11-00A0C91BC942}") = "36_POO_D", "36_POO_D\36_POO_D.vcxproj", "{9E32B9FC-6164-4DA7-82C5-100A89E6978F}"
EndProject
Project("{8BC9CEB8-8B4A-11D0-8D11-00A0C91BC942}") = "37_POO_E", "37_POO_E\37_POO_E.vcxproj", "{970C7278-F59E-4BEF-9C31-436E80FE2FBB}"
EndProject
Project("{8BC9CEB8-8B4A-11D0-8D11-00A0C91BC942}") = "38_dynamic_memory_allocation", "38_dynamic_memory_allocation\38_dynamic_memory_allocation.vcxproj", "{AEE30631-2A85-461A-BB6F-5A44903B6214}"
EndProject
Project("{8BC9CEB8-8B4A-11D0-8D11-00A0C91BC942}") = "39_File_Manager", "39_File_Manager_OfStream\39_File_Manager_OfStream.vcxproj", "{5D5002E1-D0AA-4807-AE3D-67D1FDDB0D79}"
EndProject
Project("{8BC9CEB8-8B4A-11D0-8D11-00A0C91BC942}") = "40_File_Manager_FStream", "40_File_Manager_FStream\40_File_Manager_FStream.vcxproj", "{A32E86BE-96BF-49C1-992A-9C1D2407190D}"
EndProject
Project("{8BC9CEB8-8B4A-11D0-8D11-00A0C91BC942}") = "41_Iterator", "41_Iterator\41_Iterator.vcxproj", "{DD90E586-02F8-4525-9649-9C81DA93FBBE}"
EndProject
Project("{8BC9CEB8-8B4A-11D0-8D11-00A0C91BC942}") = "42_Try_Catch", "42_Try_Catch\42_Try_Catch.vcxproj", "{C7FA881A-86BD-4873-81D7-AFCE76D14A85}"
EndProject
Project("{8BC9CEB8-8B4A-11D0-8D11-00A0C91BC942}") = "43_uniform_startup", "43_uniform_startup\43_uniform_startup.vcxproj", "{5DC098C9-7181-4EAD-B07D-AB366848A353}"
EndProject
Project("{8BC9CEB8-8B4A-11D0-8D11-00A0C91BC942}") = "44_storageClasses", "44_storageClasses\44_storageClasses.vcxproj", "{B1E9E427-E7B3-4057-97EC-04733190768B}"
EndProject
Project("{8BC9CEB8-8B4A-11D0-8D11-00A0C91BC942}") = "45_storageClasses_extern", "45_storageClasses_extern\45_storageClasses_extern.vcxproj", "{D58C84EB-3253-4A76-8A3A-5848291E0F8D}"
EndProject
Project("{8BC9CEB8-8B4A-11D0-8D11-00A0C91BC942}") = "46_forRangeDeclaration", "46_forRangeDeclaration\46_forRangeDeclaration.vcxproj", "{2374B40C-543B-40CC-B5B1-C1D0DD421FEB}"
EndProject
Project("{8BC9CEB8-8B4A-11D0-8D11-00A0C91BC942}") = "47_LambdaFunction", "47_LambdaFunction\47_LambdaFunction.vcxproj", "{A7911657-BB19-4377-8EAA-652D6A78A29E}"
EndProject
Global
	GlobalSection(SolutionConfigurationPlatforms) = preSolution
		Debug|x64 = Debug|x64
		Debug|x86 = Debug|x86
		Release|x64 = Release|x64
		Release|x86 = Release|x86
	EndGlobalSection
	GlobalSection(ProjectConfigurationPlatforms) = postSolution
		{E99A4E4F-B07B-4240-BAF1-F880DEB1149E}.Debug|x64.ActiveCfg = Debug|x64
		{E99A4E4F-B07B-4240-BAF1-F880DEB1149E}.Debug|x64.Build.0 = Debug|x64
		{E99A4E4F-B07B-4240-BAF1-F880DEB1149E}.Debug|x86.ActiveCfg = Debug|Win32
		{E99A4E4F-B07B-4240-BAF1-F880DEB1149E}.Debug|x86.Build.0 = Debug|Win32
		{E99A4E4F-B07B-4240-BAF1-F880DEB1149E}.Release|x64.ActiveCfg = Release|x64
		{E99A4E4F-B07B-4240-BAF1-F880DEB1149E}.Release|x64.Build.0 = Release|x64
		{E99A4E4F-B07B-4240-BAF1-F880DEB1149E}.Release|x86.ActiveCfg = Release|Win32
		{E99A4E4F-B07B-4240-BAF1-F880DEB1149E}.Release|x86.Build.0 = Release|Win32
		{794FC5D8-5819-4742-A694-71749ED1EDF7}.Debug|x64.ActiveCfg = Debug|x64
		{794FC5D8-5819-4742-A694-71749ED1EDF7}.Debug|x64.Build.0 = Debug|x64
		{794FC5D8-5819-4742-A694-71749ED1EDF7}.Debug|x86.ActiveCfg = Debug|Win32
		{794FC5D8-5819-4742-A694-71749ED1EDF7}.Debug|x86.Build.0 = Debug|Win32
		{794FC5D8-5819-4742-A694-71749ED1EDF7}.Release|x64.ActiveCfg = Release|x64
		{794FC5D8-5819-4742-A694-71749ED1EDF7}.Release|x64.Build.0 = Release|x64
		{794FC5D8-5819-4742-A694-71749ED1EDF7}.Release|x86.ActiveCfg = Release|Win32
		{794FC5D8-5819-4742-A694-71749ED1EDF7}.Release|x86.Build.0 = Release|Win32
		{453AD8AB-5944-41E6-BAC3-18A790381615}.Debug|x64.ActiveCfg = Debug|x64
		{453AD8AB-5944-41E6-BAC3-18A790381615}.Debug|x64.Build.0 = Debug|x64
		{453AD8AB-5944-41E6-BAC3-18A790381615}.Debug|x86.ActiveCfg = Debug|Win32
		{453AD8AB-5944-41E6-BAC3-18A790381615}.Debug|x86.Build.0 = Debug|Win32
		{453AD8AB-5944-41E6-BAC3-18A790381615}.Release|x64.ActiveCfg = Release|x64
		{453AD8AB-5944-41E6-BAC3-18A790381615}.Release|x64.Build.0 = Release|x64
		{453AD8AB-5944-41E6-BAC3-18A790381615}.Release|x86.ActiveCfg = Release|Win32
		{453AD8AB-5944-41E6-BAC3-18A790381615}.Release|x86.Build.0 = Release|Win32
		{04E3E1BE-226F-4F7C-9E53-DAC7740F6A68}.Debug|x64.ActiveCfg = Debug|x64
		{04E3E1BE-226F-4F7C-9E53-DAC7740F6A68}.Debug|x64.Build.0 = Debug|x64
		{04E3E1BE-226F-4F7C-9E53-DAC7740F6A68}.Debug|x86.ActiveCfg = Debug|Win32
		{04E3E1BE-226F-4F7C-9E53-DAC7740F6A68}.Debug|x86.Build.0 = Debug|Win32
		{04E3E1BE-226F-4F7C-9E53-DAC7740F6A68}.Release|x64.ActiveCfg = Release|x64
		{04E3E1BE-226F-4F7C-9E53-DAC7740F6A68}.Release|x64.Build.0 = Release|x64
		{04E3E1BE-226F-4F7C-9E53-DAC7740F6A68}.Release|x86.ActiveCfg = Release|Win32
		{04E3E1BE-226F-4F7C-9E53-DAC7740F6A68}.Release|x86.Build.0 = Release|Win32
		{6860061A-862B-4EAA-BA0F-15E0BACFEDCE}.Debug|x64.ActiveCfg = Debug|x64
		{6860061A-862B-4EAA-BA0F-15E0BACFEDCE}.Debug|x64.Build.0 = Debug|x64
		{6860061A-862B-4EAA-BA0F-15E0BACFEDCE}.Debug|x86.ActiveCfg = Debug|Win32
		{6860061A-862B-4EAA-BA0F-15E0BACFEDCE}.Debug|x86.Build.0 = Debug|Win32
		{6860061A-862B-4EAA-BA0F-15E0BACFEDCE}.Release|x64.ActiveCfg = Release|x64
		{6860061A-862B-4EAA-BA0F-15E0BACFEDCE}.Release|x64.Build.0 = Release|x64
		{6860061A-862B-4EAA-BA0F-15E0BACFEDCE}.Release|x86.ActiveCfg = Release|Win32
		{6860061A-862B-4EAA-BA0F-15E0BACFEDCE}.Release|x86.Build.0 = Release|Win32
		{8EA25224-069B-4CCE-83A9-1F352FBF6BC3}.Debug|x64.ActiveCfg = Debug|x64
		{8EA25224-069B-4CCE-83A9-1F352FBF6BC3}.Debug|x64.Build.0 = Debug|x64
		{8EA25224-069B-4CCE-83A9-1F352FBF6BC3}.Debug|x86.ActiveCfg = Debug|Win32
		{8EA25224-069B-4CCE-83A9-1F352FBF6BC3}.Debug|x86.Build.0 = Debug|Win32
		{8EA25224-069B-4CCE-83A9-1F352FBF6BC3}.Release|x64.ActiveCfg = Release|x64
		{8EA25224-069B-4CCE-83A9-1F352FBF6BC3}.Release|x64.Build.0 = Release|x64
		{8EA25224-069B-4CCE-83A9-1F352FBF6BC3}.Release|x86.ActiveCfg = Release|Win32
		{8EA25224-069B-4CCE-83A9-1F352FBF6BC3}.Release|x86.Build.0 = Release|Win32
		{45806806-8D33-454E-B1F9-E5B5CCE74319}.Debug|x64.ActiveCfg = Debug|x64
		{45806806-8D33-454E-B1F9-E5B5CCE74319}.Debug|x64.Build.0 = Debug|x64
		{45806806-8D33-454E-B1F9-E5B5CCE74319}.Debug|x86.ActiveCfg = Debug|Win32
		{45806806-8D33-454E-B1F9-E5B5CCE74319}.Debug|x86.Build.0 = Debug|Win32
		{45806806-8D33-454E-B1F9-E5B5CCE74319}.Release|x64.ActiveCfg = Release|x64
		{45806806-8D33-454E-B1F9-E5B5CCE74319}.Release|x64.Build.0 = Release|x64
		{45806806-8D33-454E-B1F9-E5B5CCE74319}.Release|x86.ActiveCfg = Release|Win32
		{45806806-8D33-454E-B1F9-E5B5CCE74319}.Release|x86.Build.0 = Release|Win32
		{B54BEFFB-95AC-4B3B-88B7-C8AE8BF3DB53}.Debug|x64.ActiveCfg = Debug|x64
		{B54BEFFB-95AC-4B3B-88B7-C8AE8BF3DB53}.Debug|x64.Build.0 = Debug|x64
		{B54BEFFB-95AC-4B3B-88B7-C8AE8BF3DB53}.Debug|x86.ActiveCfg = Debug|Win32
		{B54BEFFB-95AC-4B3B-88B7-C8AE8BF3DB53}.Debug|x86.Build.0 = Debug|Win32
		{B54BEFFB-95AC-4B3B-88B7-C8AE8BF3DB53}.Release|x64.ActiveCfg = Release|x64
		{B54BEFFB-95AC-4B3B-88B7-C8AE8BF3DB53}.Release|x64.Build.0 = Release|x64
		{B54BEFFB-95AC-4B3B-88B7-C8AE8BF3DB53}.Release|x86.ActiveCfg = Release|Win32
		{B54BEFFB-95AC-4B3B-88B7-C8AE8BF3DB53}.Release|x86.Build.0 = Release|Win32
		{2D4136B5-9EF5-412C-BD62-815088A1CFEF}.Debug|x64.ActiveCfg = Debug|x64
		{2D4136B5-9EF5-412C-BD62-815088A1CFEF}.Debug|x64.Build.0 = Debug|x64
		{2D4136B5-9EF5-412C-BD62-815088A1CFEF}.Debug|x86.ActiveCfg = Debug|Win32
		{2D4136B5-9EF5-412C-BD62-815088A1CFEF}.Debug|x86.Build.0 = Debug|Win32
		{2D4136B5-9EF5-412C-BD62-815088A1CFEF}.Release|x64.ActiveCfg = Release|x64
		{2D4136B5-9EF5-412C-BD62-815088A1CFEF}.Release|x64.Build.0 = Release|x64
		{2D4136B5-9EF5-412C-BD62-815088A1CFEF}.Release|x86.ActiveCfg = Release|Win32
		{2D4136B5-9EF5-412C-BD62-815088A1CFEF}.Release|x86.Build.0 = Release|Win32
		{6C097FE4-C193-497B-AEC4-02B1B15AF4F4}.Debug|x64.ActiveCfg = Debug|x64
		{6C097FE4-C193-497B-AEC4-02B1B15AF4F4}.Debug|x64.Build.0 = Debug|x64
		{6C097FE4-C193-497B-AEC4-02B1B15AF4F4}.Debug|x86.ActiveCfg = Debug|Win32
		{6C097FE4-C193-497B-AEC4-02B1B15AF4F4}.Debug|x86.Build.0 = Debug|Win32
		{6C097FE4-C193-497B-AEC4-02B1B15AF4F4}.Release|x64.ActiveCfg = Release|x64
		{6C097FE4-C193-497B-AEC4-02B1B15AF4F4}.Release|x64.Build.0 = Release|x64
		{6C097FE4-C193-497B-AEC4-02B1B15AF4F4}.Release|x86.ActiveCfg = Release|Win32
		{6C097FE4-C193-497B-AEC4-02B1B15AF4F4}.Release|x86.Build.0 = Release|Win32
		{42ED4465-DC50-4854-B137-88561F637FFB}.Debug|x64.ActiveCfg = Debug|x64
		{42ED4465-DC50-4854-B137-88561F637FFB}.Debug|x64.Build.0 = Debug|x64
		{42ED4465-DC50-4854-B137-88561F637FFB}.Debug|x86.ActiveCfg = Debug|Win32
		{42ED4465-DC50-4854-B137-88561F637FFB}.Debug|x86.Build.0 = Debug|Win32
		{42ED4465-DC50-4854-B137-88561F637FFB}.Release|x64.ActiveCfg = Release|x64
		{42ED4465-DC50-4854-B137-88561F637FFB}.Release|x64.Build.0 = Release|x64
		{42ED4465-DC50-4854-B137-88561F637FFB}.Release|x86.ActiveCfg = Release|Win32
		{42ED4465-DC50-4854-B137-88561F637FFB}.Release|x86.Build.0 = Release|Win32
		{CDD54B62-6ED5-4C13-B1D4-FE94C547E44B}.Debug|x64.ActiveCfg = Debug|x64
		{CDD54B62-6ED5-4C13-B1D4-FE94C547E44B}.Debug|x64.Build.0 = Debug|x64
		{CDD54B62-6ED5-4C13-B1D4-FE94C547E44B}.Debug|x86.ActiveCfg = Debug|Win32
		{CDD54B62-6ED5-4C13-B1D4-FE94C547E44B}.Debug|x86.Build.0 = Debug|Win32
		{CDD54B62-6ED5-4C13-B1D4-FE94C547E44B}.Release|x64.ActiveCfg = Release|x64
		{CDD54B62-6ED5-4C13-B1D4-FE94C547E44B}.Release|x64.Build.0 = Release|x64
		{CDD54B62-6ED5-4C13-B1D4-FE94C547E44B}.Release|x86.ActiveCfg = Release|Win32
		{CDD54B62-6ED5-4C13-B1D4-FE94C547E44B}.Release|x86.Build.0 = Release|Win32
		{B49CBDBE-771B-4587-92AF-80280102AD57}.Debug|x64.ActiveCfg = Debug|x64
		{B49CBDBE-771B-4587-92AF-80280102AD57}.Debug|x64.Build.0 = Debug|x64
		{B49CBDBE-771B-4587-92AF-80280102AD57}.Debug|x86.ActiveCfg = Debug|Win32
		{B49CBDBE-771B-4587-92AF-80280102AD57}.Debug|x86.Build.0 = Debug|Win32
		{B49CBDBE-771B-4587-92AF-80280102AD57}.Release|x64.ActiveCfg = Release|x64
		{B49CBDBE-771B-4587-92AF-80280102AD57}.Release|x64.Build.0 = Release|x64
		{B49CBDBE-771B-4587-92AF-80280102AD57}.Release|x86.ActiveCfg = Release|Win32
		{B49CBDBE-771B-4587-92AF-80280102AD57}.Release|x86.Build.0 = Release|Win32
		{0B0CF83F-EBDB-4634-B7C3-B82F96F2A76C}.Debug|x64.ActiveCfg = Debug|x64
		{0B0CF83F-EBDB-4634-B7C3-B82F96F2A76C}.Debug|x64.Build.0 = Debug|x64
		{0B0CF83F-EBDB-4634-B7C3-B82F96F2A76C}.Debug|x86.ActiveCfg = Debug|Win32
		{0B0CF83F-EBDB-4634-B7C3-B82F96F2A76C}.Debug|x86.Build.0 = Debug|Win32
		{0B0CF83F-EBDB-4634-B7C3-B82F96F2A76C}.Release|x64.ActiveCfg = Release|x64
		{0B0CF83F-EBDB-4634-B7C3-B82F96F2A76C}.Release|x64.Build.0 = Release|x64
		{0B0CF83F-EBDB-4634-B7C3-B82F96F2A76C}.Release|x86.ActiveCfg = Release|Win32
		{0B0CF83F-EBDB-4634-B7C3-B82F96F2A76C}.Release|x86.Build.0 = Release|Win32
		{D3754648-6774-4B55-A96E-AFC8233BDFD9}.Debug|x64.ActiveCfg = Debug|x64
		{D3754648-6774-4B55-A96E-AFC8233BDFD9}.Debug|x64.Build.0 = Debug|x64
		{D3754648-6774-4B55-A96E-AFC8233BDFD9}.Debug|x86.ActiveCfg = Debug|Win32
		{D3754648-6774-4B55-A96E-AFC8233BDFD9}.Debug|x86.Build.0 = Debug|Win32
		{D3754648-6774-4B55-A96E-AFC8233BDFD9}.Release|x64.ActiveCfg = Release|x64
		{D3754648-6774-4B55-A96E-AFC8233BDFD9}.Release|x64.Build.0 = Release|x64
		{D3754648-6774-4B55-A96E-AFC8233BDFD9}.Release|x86.ActiveCfg = Release|Win32
		{D3754648-6774-4B55-A96E-AFC8233BDFD9}.Release|x86.Build.0 = Release|Win32
		{8E0BCBDB-6FE6-4F5D-927E-6D19AF6A0F51}.Debug|x64.ActiveCfg = Debug|x64
		{8E0BCBDB-6FE6-4F5D-927E-6D19AF6A0F51}.Debug|x64.Build.0 = Debug|x64
		{8E0BCBDB-6FE6-4F5D-927E-6D19AF6A0F51}.Debug|x86.ActiveCfg = Debug|Win32
		{8E0BCBDB-6FE6-4F5D-927E-6D19AF6A0F51}.Debug|x86.Build.0 = Debug|Win32
		{8E0BCBDB-6FE6-4F5D-927E-6D19AF6A0F51}.Release|x64.ActiveCfg = Release|x64
		{8E0BCBDB-6FE6-4F5D-927E-6D19AF6A0F51}.Release|x64.Build.0 = Release|x64
		{8E0BCBDB-6FE6-4F5D-927E-6D19AF6A0F51}.Release|x86.ActiveCfg = Release|Win32
		{8E0BCBDB-6FE6-4F5D-927E-6D19AF6A0F51}.Release|x86.Build.0 = Release|Win32
		{F68DDE4C-180A-4DDB-BD47-0CE05654E093}.Debug|x64.ActiveCfg = Debug|x64
		{F68DDE4C-180A-4DDB-BD47-0CE05654E093}.Debug|x64.Build.0 = Debug|x64
		{F68DDE4C-180A-4DDB-BD47-0CE05654E093}.Debug|x86.ActiveCfg = Debug|Win32
		{F68DDE4C-180A-4DDB-BD47-0CE05654E093}.Debug|x86.Build.0 = Debug|Win32
		{F68DDE4C-180A-4DDB-BD47-0CE05654E093}.Release|x64.ActiveCfg = Release|x64
		{F68DDE4C-180A-4DDB-BD47-0CE05654E093}.Release|x64.Build.0 = Release|x64
		{F68DDE4C-180A-4DDB-BD47-0CE05654E093}.Release|x86.ActiveCfg = Release|Win32
		{F68DDE4C-180A-4DDB-BD47-0CE05654E093}.Release|x86.Build.0 = Release|Win32
		{7C7CB82B-5FC1-40F6-99F6-BFCCBC1F0269}.Debug|x64.ActiveCfg = Debug|x64
		{7C7CB82B-5FC1-40F6-99F6-BFCCBC1F0269}.Debug|x64.Build.0 = Debug|x64
		{7C7CB82B-5FC1-40F6-99F6-BFCCBC1F0269}.Debug|x86.ActiveCfg = Debug|Win32
		{7C7CB82B-5FC1-40F6-99F6-BFCCBC1F0269}.Debug|x86.Build.0 = Debug|Win32
		{7C7CB82B-5FC1-40F6-99F6-BFCCBC1F0269}.Release|x64.ActiveCfg = Release|x64
		{7C7CB82B-5FC1-40F6-99F6-BFCCBC1F0269}.Release|x64.Build.0 = Release|x64
		{7C7CB82B-5FC1-40F6-99F6-BFCCBC1F0269}.Release|x86.ActiveCfg = Release|Win32
		{7C7CB82B-5FC1-40F6-99F6-BFCCBC1F0269}.Release|x86.Build.0 = Release|Win32
		{00AFE0A3-CCAE-4EE6-892C-A40E0C7AE33B}.Debug|x64.ActiveCfg = Debug|x64
		{00AFE0A3-CCAE-4EE6-892C-A40E0C7AE33B}.Debug|x64.Build.0 = Debug|x64
		{00AFE0A3-CCAE-4EE6-892C-A40E0C7AE33B}.Debug|x86.ActiveCfg = Debug|Win32
		{00AFE0A3-CCAE-4EE6-892C-A40E0C7AE33B}.Debug|x86.Build.0 = Debug|Win32
		{00AFE0A3-CCAE-4EE6-892C-A40E0C7AE33B}.Release|x64.ActiveCfg = Release|x64
		{00AFE0A3-CCAE-4EE6-892C-A40E0C7AE33B}.Release|x64.Build.0 = Release|x64
		{00AFE0A3-CCAE-4EE6-892C-A40E0C7AE33B}.Release|x86.ActiveCfg = Release|Win32
		{00AFE0A3-CCAE-4EE6-892C-A40E0C7AE33B}.Release|x86.Build.0 = Release|Win32
		{0568987F-91B1-4840-9369-F3D959F8972A}.Debug|x64.ActiveCfg = Debug|x64
		{0568987F-91B1-4840-9369-F3D959F8972A}.Debug|x64.Build.0 = Debug|x64
		{0568987F-91B1-4840-9369-F3D959F8972A}.Debug|x86.ActiveCfg = Debug|Win32
		{0568987F-91B1-4840-9369-F3D959F8972A}.Debug|x86.Build.0 = Debug|Win32
		{0568987F-91B1-4840-9369-F3D959F8972A}.Release|x64.ActiveCfg = Release|x64
		{0568987F-91B1-4840-9369-F3D959F8972A}.Release|x64.Build.0 = Release|x64
		{0568987F-91B1-4840-9369-F3D959F8972A}.Release|x86.ActiveCfg = Release|Win32
		{0568987F-91B1-4840-9369-F3D959F8972A}.Release|x86.Build.0 = Release|Win32
		{0544D18A-FB91-4D3D-9B0F-E5519871824E}.Debug|x64.ActiveCfg = Debug|x64
		{0544D18A-FB91-4D3D-9B0F-E5519871824E}.Debug|x64.Build.0 = Debug|x64
		{0544D18A-FB91-4D3D-9B0F-E5519871824E}.Debug|x86.ActiveCfg = Debug|Win32
		{0544D18A-FB91-4D3D-9B0F-E5519871824E}.Debug|x86.Build.0 = Debug|Win32
		{0544D18A-FB91-4D3D-9B0F-E5519871824E}.Release|x64.ActiveCfg = Release|x64
		{0544D18A-FB91-4D3D-9B0F-E5519871824E}.Release|x64.Build.0 = Release|x64
		{0544D18A-FB91-4D3D-9B0F-E5519871824E}.Release|x86.ActiveCfg = Release|Win32
		{0544D18A-FB91-4D3D-9B0F-E5519871824E}.Release|x86.Build.0 = Release|Win32
		{22F1F4C9-2AEC-4699-A46C-C263BDC97642}.Debug|x64.ActiveCfg = Debug|x64
		{22F1F4C9-2AEC-4699-A46C-C263BDC97642}.Debug|x64.Build.0 = Debug|x64
		{22F1F4C9-2AEC-4699-A46C-C263BDC97642}.Debug|x86.ActiveCfg = Debug|Win32
		{22F1F4C9-2AEC-4699-A46C-C263BDC97642}.Debug|x86.Build.0 = Debug|Win32
		{22F1F4C9-2AEC-4699-A46C-C263BDC97642}.Release|x64.ActiveCfg = Release|x64
		{22F1F4C9-2AEC-4699-A46C-C263BDC97642}.Release|x64.Build.0 = Release|x64
		{22F1F4C9-2AEC-4699-A46C-C263BDC97642}.Release|x86.ActiveCfg = Release|Win32
		{22F1F4C9-2AEC-4699-A46C-C263BDC97642}.Release|x86.Build.0 = Release|Win32
		{DD6F6CCA-71ED-4B2D-87EE-D25ABA582E1C}.Debug|x64.ActiveCfg = Debug|x64
		{DD6F6CCA-71ED-4B2D-87EE-D25ABA582E1C}.Debug|x64.Build.0 = Debug|x64
		{DD6F6CCA-71ED-4B2D-87EE-D25ABA582E1C}.Debug|x86.ActiveCfg = Debug|Win32
		{DD6F6CCA-71ED-4B2D-87EE-D25ABA582E1C}.Debug|x86.Build.0 = Debug|Win32
		{DD6F6CCA-71ED-4B2D-87EE-D25ABA582E1C}.Release|x64.ActiveCfg = Release|x64
		{DD6F6CCA-71ED-4B2D-87EE-D25ABA582E1C}.Release|x64.Build.0 = Release|x64
		{DD6F6CCA-71ED-4B2D-87EE-D25ABA582E1C}.Release|x86.ActiveCfg = Release|Win32
		{DD6F6CCA-71ED-4B2D-87EE-D25ABA582E1C}.Release|x86.Build.0 = Release|Win32
		{C9FAEADC-8FE6-426B-BEEA-C634A2983ED2}.Debug|x64.ActiveCfg = Debug|x64
		{C9FAEADC-8FE6-426B-BEEA-C634A2983ED2}.Debug|x64.Build.0 = Debug|x64
		{C9FAEADC-8FE6-426B-BEEA-C634A2983ED2}.Debug|x86.ActiveCfg = Debug|Win32
		{C9FAEADC-8FE6-426B-BEEA-C634A2983ED2}.Debug|x86.Build.0 = Debug|Win32
		{C9FAEADC-8FE6-426B-BEEA-C634A2983ED2}.Release|x64.ActiveCfg = Release|x64
		{C9FAEADC-8FE6-426B-BEEA-C634A2983ED2}.Release|x64.Build.0 = Release|x64
		{C9FAEADC-8FE6-426B-BEEA-C634A2983ED2}.Release|x86.ActiveCfg = Release|Win32
		{C9FAEADC-8FE6-426B-BEEA-C634A2983ED2}.Release|x86.Build.0 = Release|Win32
		{1A4E789B-4E61-4454-88DB-2BC1D355144E}.Debug|x64.ActiveCfg = Debug|x64
		{1A4E789B-4E61-4454-88DB-2BC1D355144E}.Debug|x64.Build.0 = Debug|x64
		{1A4E789B-4E61-4454-88DB-2BC1D355144E}.Debug|x86.ActiveCfg = Debug|Win32
		{1A4E789B-4E61-4454-88DB-2BC1D355144E}.Debug|x86.Build.0 = Debug|Win32
		{1A4E789B-4E61-4454-88DB-2BC1D355144E}.Release|x64.ActiveCfg = Release|x64
		{1A4E789B-4E61-4454-88DB-2BC1D355144E}.Release|x64.Build.0 = Release|x64
		{1A4E789B-4E61-4454-88DB-2BC1D355144E}.Release|x86.ActiveCfg = Release|Win32
		{1A4E789B-4E61-4454-88DB-2BC1D355144E}.Release|x86.Build.0 = Release|Win32
		{DE34AEE0-037C-40EC-8F0A-24B04911E73E}.Debug|x64.ActiveCfg = Debug|x64
		{DE34AEE0-037C-40EC-8F0A-24B04911E73E}.Debug|x64.Build.0 = Debug|x64
		{DE34AEE0-037C-40EC-8F0A-24B04911E73E}.Debug|x86.ActiveCfg = Debug|Win32
		{DE34AEE0-037C-40EC-8F0A-24B04911E73E}.Debug|x86.Build.0 = Debug|Win32
		{DE34AEE0-037C-40EC-8F0A-24B04911E73E}.Release|x64.ActiveCfg = Release|x64
		{DE34AEE0-037C-40EC-8F0A-24B04911E73E}.Release|x64.Build.0 = Release|x64
		{DE34AEE0-037C-40EC-8F0A-24B04911E73E}.Release|x86.ActiveCfg = Release|Win32
		{DE34AEE0-037C-40EC-8F0A-24B04911E73E}.Release|x86.Build.0 = Release|Win32
		{5C54B13F-7863-4525-A954-BD7A49CF5F8E}.Debug|x64.ActiveCfg = Debug|x64
		{5C54B13F-7863-4525-A954-BD7A49CF5F8E}.Debug|x64.Build.0 = Debug|x64
		{5C54B13F-7863-4525-A954-BD7A49CF5F8E}.Debug|x86.ActiveCfg = Debug|Win32
		{5C54B13F-7863-4525-A954-BD7A49CF5F8E}.Debug|x86.Build.0 = Debug|Win32
		{5C54B13F-7863-4525-A954-BD7A49CF5F8E}.Release|x64.ActiveCfg = Release|x64
		{5C54B13F-7863-4525-A954-BD7A49CF5F8E}.Release|x64.Build.0 = Release|x64
		{5C54B13F-7863-4525-A954-BD7A49CF5F8E}.Release|x86.ActiveCfg = Release|Win32
		{5C54B13F-7863-4525-A954-BD7A49CF5F8E}.Release|x86.Build.0 = Release|Win32
		{AF5AF8E9-8CB0-4075-BA7C-3924F5E2E684}.Debug|x64.ActiveCfg = Debug|x64
		{AF5AF8E9-8CB0-4075-BA7C-3924F5E2E684}.Debug|x64.Build.0 = Debug|x64
		{AF5AF8E9-8CB0-4075-BA7C-3924F5E2E684}.Debug|x86.ActiveCfg = Debug|Win32
		{AF5AF8E9-8CB0-4075-BA7C-3924F5E2E684}.Debug|x86.Build.0 = Debug|Win32
		{AF5AF8E9-8CB0-4075-BA7C-3924F5E2E684}.Release|x64.ActiveCfg = Release|x64
		{AF5AF8E9-8CB0-4075-BA7C-3924F5E2E684}.Release|x64.Build.0 = Release|x64
		{AF5AF8E9-8CB0-4075-BA7C-3924F5E2E684}.Release|x86.ActiveCfg = Release|Win32
		{AF5AF8E9-8CB0-4075-BA7C-3924F5E2E684}.Release|x86.Build.0 = Release|Win32
		{5A081DFF-EDD7-47F0-A94C-9D9D5BC19D26}.Debug|x64.ActiveCfg = Debug|x64
		{5A081DFF-EDD7-47F0-A94C-9D9D5BC19D26}.Debug|x64.Build.0 = Debug|x64
		{5A081DFF-EDD7-47F0-A94C-9D9D5BC19D26}.Debug|x86.ActiveCfg = Debug|Win32
		{5A081DFF-EDD7-47F0-A94C-9D9D5BC19D26}.Debug|x86.Build.0 = Debug|Win32
		{5A081DFF-EDD7-47F0-A94C-9D9D5BC19D26}.Release|x64.ActiveCfg = Release|x64
		{5A081DFF-EDD7-47F0-A94C-9D9D5BC19D26}.Release|x64.Build.0 = Release|x64
		{5A081DFF-EDD7-47F0-A94C-9D9D5BC19D26}.Release|x86.ActiveCfg = Release|Win32
		{5A081DFF-EDD7-47F0-A94C-9D9D5BC19D26}.Release|x86.Build.0 = Release|Win32
		{B342A83F-8272-4BDA-9DCD-57350FF6CD24}.Debug|x64.ActiveCfg = Debug|x64
		{B342A83F-8272-4BDA-9DCD-57350FF6CD24}.Debug|x64.Build.0 = Debug|x64
		{B342A83F-8272-4BDA-9DCD-57350FF6CD24}.Debug|x86.ActiveCfg = Debug|Win32
		{B342A83F-8272-4BDA-9DCD-57350FF6CD24}.Debug|x86.Build.0 = Debug|Win32
		{B342A83F-8272-4BDA-9DCD-57350FF6CD24}.Release|x64.ActiveCfg = Release|x64
		{B342A83F-8272-4BDA-9DCD-57350FF6CD24}.Release|x64.Build.0 = Release|x64
		{B342A83F-8272-4BDA-9DCD-57350FF6CD24}.Release|x86.ActiveCfg = Release|Win32
		{B342A83F-8272-4BDA-9DCD-57350FF6CD24}.Release|x86.Build.0 = Release|Win32
		{C897D386-70CB-4E19-A765-0F60E03964D1}.Debug|x64.ActiveCfg = Debug|x64
		{C897D386-70CB-4E19-A765-0F60E03964D1}.Debug|x64.Build.0 = Debug|x64
		{C897D386-70CB-4E19-A765-0F60E03964D1}.Debug|x86.ActiveCfg = Debug|Win32
		{C897D386-70CB-4E19-A765-0F60E03964D1}.Debug|x86.Build.0 = Debug|Win32
		{C897D386-70CB-4E19-A765-0F60E03964D1}.Release|x64.ActiveCfg = Release|x64
		{C897D386-70CB-4E19-A765-0F60E03964D1}.Release|x64.Build.0 = Release|x64
		{C897D386-70CB-4E19-A765-0F60E03964D1}.Release|x86.ActiveCfg = Release|Win32
		{C897D386-70CB-4E19-A765-0F60E03964D1}.Release|x86.Build.0 = Release|Win32
		{CC27AF89-C7E8-4CF0-9AF9-7AFEBE308951}.Debug|x64.ActiveCfg = Debug|x64
		{CC27AF89-C7E8-4CF0-9AF9-7AFEBE308951}.Debug|x64.Build.0 = Debug|x64
		{CC27AF89-C7E8-4CF0-9AF9-7AFEBE308951}.Debug|x86.ActiveCfg = Debug|Win32
		{CC27AF89-C7E8-4CF0-9AF9-7AFEBE308951}.Debug|x86.Build.0 = Debug|Win32
		{CC27AF89-C7E8-4CF0-9AF9-7AFEBE308951}.Release|x64.ActiveCfg = Release|x64
		{CC27AF89-C7E8-4CF0-9AF9-7AFEBE308951}.Release|x64.Build.0 = Release|x64
		{CC27AF89-C7E8-4CF0-9AF9-7AFEBE308951}.Release|x86.ActiveCfg = Release|Win32
		{CC27AF89-C7E8-4CF0-9AF9-7AFEBE308951}.Release|x86.Build.0 = Release|Win32
		{DBED75E1-F9A0-4DFC-A8E4-AA0249C98918}.Debug|x64.ActiveCfg = Debug|x64
		{DBED75E1-F9A0-4DFC-A8E4-AA0249C98918}.Debug|x64.Build.0 = Debug|x64
		{DBED75E1-F9A0-4DFC-A8E4-AA0249C98918}.Debug|x86.ActiveCfg = Debug|Win32
		{DBED75E1-F9A0-4DFC-A8E4-AA0249C98918}.Debug|x86.Build.0 = Debug|Win32
		{DBED75E1-F9A0-4DFC-A8E4-AA0249C98918}.Release|x64.ActiveCfg = Release|x64
		{DBED75E1-F9A0-4DFC-A8E4-AA0249C98918}.Release|x64.Build.0 = Release|x64
		{DBED75E1-F9A0-4DFC-A8E4-AA0249C98918}.Release|x86.ActiveCfg = Release|Win32
		{DBED75E1-F9A0-4DFC-A8E4-AA0249C98918}.Release|x86.Build.0 = Release|Win32
		{BB045421-BDB4-4F17-A4B2-BFDDD7E5CD48}.Debug|x64.ActiveCfg = Debug|x64
		{BB045421-BDB4-4F17-A4B2-BFDDD7E5CD48}.Debug|x64.Build.0 = Debug|x64
		{BB045421-BDB4-4F17-A4B2-BFDDD7E5CD48}.Debug|x86.ActiveCfg = Debug|Win32
		{BB045421-BDB4-4F17-A4B2-BFDDD7E5CD48}.Debug|x86.Build.0 = Debug|Win32
		{BB045421-BDB4-4F17-A4B2-BFDDD7E5CD48}.Release|x64.ActiveCfg = Release|x64
		{BB045421-BDB4-4F17-A4B2-BFDDD7E5CD48}.Release|x64.Build.0 = Release|x64
		{BB045421-BDB4-4F17-A4B2-BFDDD7E5CD48}.Release|x86.ActiveCfg = Release|Win32
		{BB045421-BDB4-4F17-A4B2-BFDDD7E5CD48}.Release|x86.Build.0 = Release|Win32
		{0AB59D2C-A145-4657-8303-168EFAFFBE39}.Debug|x64.ActiveCfg = Debug|x64
		{0AB59D2C-A145-4657-8303-168EFAFFBE39}.Debug|x64.Build.0 = Debug|x64
		{0AB59D2C-A145-4657-8303-168EFAFFBE39}.Debug|x86.ActiveCfg = Debug|Win32
		{0AB59D2C-A145-4657-8303-168EFAFFBE39}.Debug|x86.Build.0 = Debug|Win32
		{0AB59D2C-A145-4657-8303-168EFAFFBE39}.Release|x64.ActiveCfg = Release|x64
		{0AB59D2C-A145-4657-8303-168EFAFFBE39}.Release|x64.Build.0 = Release|x64
		{0AB59D2C-A145-4657-8303-168EFAFFBE39}.Release|x86.ActiveCfg = Release|Win32
		{0AB59D2C-A145-4657-8303-168EFAFFBE39}.Release|x86.Build.0 = Release|Win32
		{9E32B9FC-6164-4DA7-82C5-100A89E6978F}.Debug|x64.ActiveCfg = Debug|x64
		{9E32B9FC-6164-4DA7-82C5-100A89E6978F}.Debug|x64.Build.0 = Debug|x64
		{9E32B9FC-6164-4DA7-82C5-100A89E6978F}.Debug|x86.ActiveCfg = Debug|Win32
		{9E32B9FC-6164-4DA7-82C5-100A89E6978F}.Debug|x86.Build.0 = Debug|Win32
		{9E32B9FC-6164-4DA7-82C5-100A89E6978F}.Release|x64.ActiveCfg = Release|x64
		{9E32B9FC-6164-4DA7-82C5-100A89E6978F}.Release|x64.Build.0 = Release|x64
		{9E32B9FC-6164-4DA7-82C5-100A89E6978F}.Release|x86.ActiveCfg = Release|Win32
		{9E32B9FC-6164-4DA7-82C5-100A89E6978F}.Release|x86.Build.0 = Release|Win32
		{970C7278-F59E-4BEF-9C31-436E80FE2FBB}.Debug|x64.ActiveCfg = Debug|x64
		{970C7278-F59E-4BEF-9C31-436E80FE2FBB}.Debug|x64.Build.0 = Debug|x64
		{970C7278-F59E-4BEF-9C31-436E80FE2FBB}.Debug|x86.ActiveCfg = Debug|Win32
		{970C7278-F59E-4BEF-9C31-436E80FE2FBB}.Debug|x86.Build.0 = Debug|Win32
		{970C7278-F59E-4BEF-9C31-436E80FE2FBB}.Release|x64.ActiveCfg = Release|x64
		{970C7278-F59E-4BEF-9C31-436E80FE2FBB}.Release|x64.Build.0 = Release|x64
		{970C7278-F59E-4BEF-9C31-436E80FE2FBB}.Release|x86.ActiveCfg = Release|Win32
		{970C7278-F59E-4BEF-9C31-436E80FE2FBB}.Release|x86.Build.0 = Release|Win32
		{AEE30631-2A85-461A-BB6F-5A44903B6214}.Debug|x64.ActiveCfg = Debug|x64
		{AEE30631-2A85-461A-BB6F-5A44903B6214}.Debug|x64.Build.0 = Debug|x64
		{AEE30631-2A85-461A-BB6F-5A44903B6214}.Debug|x86.ActiveCfg = Debug|Win32
		{AEE30631-2A85-461A-BB6F-5A44903B6214}.Debug|x86.Build.0 = Debug|Win32
		{AEE30631-2A85-461A-BB6F-5A44903B6214}.Release|x64.ActiveCfg = Release|x64
		{AEE30631-2A85-461A-BB6F-5A44903B6214}.Release|x64.Build.0 = Release|x64
		{AEE30631-2A85-461A-BB6F-5A44903B6214}.Release|x86.ActiveCfg = Release|Win32
		{AEE30631-2A85-461A-BB6F-5A44903B6214}.Release|x86.Build.0 = Release|Win32
		{5D5002E1-D0AA-4807-AE3D-67D1FDDB0D79}.Debug|x64.ActiveCfg = Debug|x64
		{5D5002E1-D0AA-4807-AE3D-67D1FDDB0D79}.Debug|x64.Build.0 = Debug|x64
		{5D5002E1-D0AA-4807-AE3D-67D1FDDB0D79}.Debug|x86.ActiveCfg = Debug|Win32
		{5D5002E1-D0AA-4807-AE3D-67D1FDDB0D79}.Debug|x86.Build.0 = Debug|Win32
		{5D5002E1-D0AA-4807-AE3D-67D1FDDB0D79}.Release|x64.ActiveCfg = Release|x64
		{5D5002E1-D0AA-4807-AE3D-67D1FDDB0D79}.Release|x64.Build.0 = Release|x64
		{5D5002E1-D0AA-4807-AE3D-67D1FDDB0D79}.Release|x86.ActiveCfg = Release|Win32
		{5D5002E1-D0AA-4807-AE3D-67D1FDDB0D79}.Release|x86.Build.0 = Release|Win32
		{A32E86BE-96BF-49C1-992A-9C1D2407190D}.Debug|x64.ActiveCfg = Debug|x64
		{A32E86BE-96BF-49C1-992A-9C1D2407190D}.Debug|x64.Build.0 = Debug|x64
		{A32E86BE-96BF-49C1-992A-9C1D2407190D}.Debug|x86.ActiveCfg = Debug|Win32
		{A32E86BE-96BF-49C1-992A-9C1D2407190D}.Debug|x86.Build.0 = Debug|Win32
		{A32E86BE-96BF-49C1-992A-9C1D2407190D}.Release|x64.ActiveCfg = Release|x64
		{A32E86BE-96BF-49C1-992A-9C1D2407190D}.Release|x64.Build.0 = Release|x64
		{A32E86BE-96BF-49C1-992A-9C1D2407190D}.Release|x86.ActiveCfg = Release|Win32
		{A32E86BE-96BF-49C1-992A-9C1D2407190D}.Release|x86.Build.0 = Release|Win32
		{DD90E586-02F8-4525-9649-9C81DA93FBBE}.Debug|x64.ActiveCfg = Debug|x64
		{DD90E586-02F8-4525-9649-9C81DA93FBBE}.Debug|x64.Build.0 = Debug|x64
		{DD90E586-02F8-4525-9649-9C81DA93FBBE}.Debug|x86.ActiveCfg = Debug|Win32
		{DD90E586-02F8-4525-9649-9C81DA93FBBE}.Debug|x86.Build.0 = Debug|Win32
		{DD90E586-02F8-4525-9649-9C81DA93FBBE}.Release|x64.ActiveCfg = Release|x64
		{DD90E586-02F8-4525-9649-9C81DA93FBBE}.Release|x64.Build.0 = Release|x64
		{DD90E586-02F8-4525-9649-9C81DA93FBBE}.Release|x86.ActiveCfg = Release|Win32
		{DD90E586-02F8-4525-9649-9C81DA93FBBE}.Release|x86.Build.0 = Release|Win32
		{C7FA881A-86BD-4873-81D7-AFCE76D14A85}.Debug|x64.ActiveCfg = Debug|x64
		{C7FA881A-86BD-4873-81D7-AFCE76D14A85}.Debug|x64.Build.0 = Debug|x64
		{C7FA881A-86BD-4873-81D7-AFCE76D14A85}.Debug|x86.ActiveCfg = Debug|Win32
		{C7FA881A-86BD-4873-81D7-AFCE76D14A85}.Debug|x86.Build.0 = Debug|Win32
		{C7FA881A-86BD-4873-81D7-AFCE76D14A85}.Release|x64.ActiveCfg = Release|x64
		{C7FA881A-86BD-4873-81D7-AFCE76D14A85}.Release|x64.Build.0 = Release|x64
		{C7FA881A-86BD-4873-81D7-AFCE76D14A85}.Release|x86.ActiveCfg = Release|Win32
		{C7FA881A-86BD-4873-81D7-AFCE76D14A85}.Release|x86.Build.0 = Release|Win32
		{5DC098C9-7181-4EAD-B07D-AB366848A353}.Debug|x64.ActiveCfg = Debug|x64
		{5DC098C9-7181-4EAD-B07D-AB366848A353}.Debug|x64.Build.0 = Debug|x64
		{5DC098C9-7181-4EAD-B07D-AB366848A353}.Debug|x86.ActiveCfg = Debug|Win32
		{5DC098C9-7181-4EAD-B07D-AB366848A353}.Debug|x86.Build.0 = Debug|Win32
		{5DC098C9-7181-4EAD-B07D-AB366848A353}.Release|x64.ActiveCfg = Release|x64
		{5DC098C9-7181-4EAD-B07D-AB366848A353}.Release|x64.Build.0 = Release|x64
		{5DC098C9-7181-4EAD-B07D-AB366848A353}.Release|x86.ActiveCfg = Release|Win32
		{5DC098C9-7181-4EAD-B07D-AB366848A353}.Release|x86.Build.0 = Release|Win32
		{B1E9E427-E7B3-4057-97EC-04733190768B}.Debug|x64.ActiveCfg = Debug|x64
		{B1E9E427-E7B3-4057-97EC-04733190768B}.Debug|x64.Build.0 = Debug|x64
		{B1E9E427-E7B3-4057-97EC-04733190768B}.Debug|x86.ActiveCfg = Debug|Win32
		{B1E9E427-E7B3-4057-97EC-04733190768B}.Debug|x86.Build.0 = Debug|Win32
		{B1E9E427-E7B3-4057-97EC-04733190768B}.Release|x64.ActiveCfg = Release|x64
		{B1E9E427-E7B3-4057-97EC-04733190768B}.Release|x64.Build.0 = Release|x64
		{B1E9E427-E7B3-4057-97EC-04733190768B}.Release|x86.ActiveCfg = Release|Win32
		{B1E9E427-E7B3-4057-97EC-04733190768B}.Release|x86.Build.0 = Release|Win32
		{D58C84EB-3253-4A76-8A3A-5848291E0F8D}.Debug|x64.ActiveCfg = Debug|x64
		{D58C84EB-3253-4A76-8A3A-5848291E0F8D}.Debug|x64.Build.0 = Debug|x64
		{D58C84EB-3253-4A76-8A3A-5848291E0F8D}.Debug|x86.ActiveCfg = Debug|Win32
		{D58C84EB-3253-4A76-8A3A-5848291E0F8D}.Debug|x86.Build.0 = Debug|Win32
		{D58C84EB-3253-4A76-8A3A-5848291E0F8D}.Release|x64.ActiveCfg = Release|x64
		{D58C84EB-3253-4A76-8A3A-5848291E0F8D}.Release|x64.Build.0 = Release|x64
		{D58C84EB-3253-4A76-8A3A-5848291E0F8D}.Release|x86.ActiveCfg = Release|Win32
		{D58C84EB-3253-4A76-8A3A-5848291E0F8D}.Release|x86.Build.0 = Release|Win32
		{2374B40C-543B-40CC-B5B1-C1D0DD421FEB}.Debug|x64.ActiveCfg = Debug|x64
		{2374B40C-543B-40CC-B5B1-C1D0DD421FEB}.Debug|x64.Build.0 = Debug|x64
		{2374B40C-543B-40CC-B5B1-C1D0DD421FEB}.Debug|x86.ActiveCfg = Debug|Win32
		{2374B40C-543B-40CC-B5B1-C1D0DD421FEB}.Debug|x86.Build.0 = Debug|Win32
		{2374B40C-543B-40CC-B5B1-C1D0DD421FEB}.Release|x64.ActiveCfg = Release|x64
		{2374B40C-543B-40CC-B5B1-C1D0DD421FEB}.Release|x64.Build.0 = Release|x64
		{2374B40C-543B-40CC-B5B1-C1D0DD421FEB}.Release|x86.ActiveCfg = Release|Win32
		{2374B40C-543B-40CC-B5B1-C1D0DD421FEB}.Release|x86.Build.0 = Release|Win32
		{A7911657-BB19-4377-8EAA-652D6A78A29E}.Debug|x64.ActiveCfg = Debug|x64
		{A7911657-BB19-4377-8EAA-652D6A78A29E}.Debug|x64.Build.0 = Debug|x64
		{A7911657-BB19-4377-8EAA-652D6A78A29E}.Debug|x86.ActiveCfg = Debug|Win32
		{A7911657-BB19-4377-8EAA-652D6A78A29E}.Debug|x86.Build.0 = Debug|Win32
		{A7911657-BB19-4377-8EAA-652D6A78A29E}.Release|x64.ActiveCfg = Release|x64
		{A7911657-BB19-4377-8EAA-652D6A78A29E}.Release|x64.Build.0 = Release|x64
		{A7911657-BB19-4377-8EAA-652D6A78A29E}.Release|x86.ActiveCfg = Release|Win32
		{A7911657-BB19-4377-8EAA-652D6A78A29E}.Release|x86.Build.0 = Release|Win32
	EndGlobalSection
	GlobalSection(SolutionProperties) = preSolution
		HideSolutionNode = FALSE
	EndGlobalSection
	GlobalSection(ExtensibilityGlobals) = postSolution
		SolutionGuid = {B8A67194-957E-4D08-AB90-8D8B444B9FF7}
	EndGlobalSection
EndGlobal
