
Microsoft Visual Studio Solution File, Format Version 12.00
# Visual Studio Version 16
VisualStudioVersion = 16.0.29418.71
MinimumVisualStudioVersion = 10.0.40219.1
Project("{9A19103F-16F7-4668-BE54-9A1E7A4F7556}") = "NETCORE_INTRO", "NETCORE_01\NETCORE_INTRO.csproj", "{7DEE620F-B69C-4CDA-A629-C439E360C335}"
EndProject
Project("{9A19103F-16F7-4668-BE54-9A1E7A4F7556}") = "BIRTHDAY_INVITATION", "BIRTHDAY_INVITATION\BIRTHDAY_INVITATION.csproj", "{3E81B91B-E9A1-46A5-A09D-75F46C5BC8F0}"
EndProject
Project("{9A19103F-16F7-4668-BE54-9A1E7A4F7556}") = "EMPTY_MVC_PROJECT", "EMPTY_MVC_PROJECT\EMPTY_MVC_PROJECT.csproj", "{9BE31FA3-78F5-415B-BBAA-A27376B30943}"
EndProject
Project("{9A19103F-16F7-4668-BE54-9A1E7A4F7556}") = "VIEWMODEL", "VIEWMODEL\VIEWMODEL.csproj", "{DE58D16F-07FA-4BC9-91E6-AB4CA949076D}"
EndProject
Project("{9A19103F-16F7-4668-BE54-9A1E7A4F7556}") = "PARTIAL_VIEWS", "PARTIAL_VIEWS\PARTIAL_VIEWS.csproj", "{FCB4F207-E6EC-4B75-9DF4-D26D21C81E96}"
EndProject
Project("{9A19103F-16F7-4668-BE54-9A1E7A4F7556}") = "PASS_VALUES_BETWEEN_VIEWS_AND_PARTIAL_VIEWS", "PASS_VALUES_BETWEEN_VIEWS_AND_PARTIAL_VIEWS\PASS_VALUES_BETWEEN_VIEWS_AND_PARTIAL_VIEWS.csproj", "{2BFC8471-4446-486E-98A4-7BA81A7724DC}"
EndProject
Project("{9A19103F-16F7-4668-BE54-9A1E7A4F7556}") = "MULTIPLE_VIEWMODEL", "MULTIPLE_VIEWMODEL\MULTIPLE_VIEWMODEL.csproj", "{B4727965-F674-4C5E-9FEB-830200571CE9}"
EndProject
Project("{9A19103F-16F7-4668-BE54-9A1E7A4F7556}") = "ROUTE_SYSTEM_TEMPLATE", "ROUTE_SYSTEM_TEMPLATE\ROUTE_SYSTEM_TEMPLATE.csproj", "{F19E5A9E-0A71-48B5-82B9-E0E7F32BFEF3}"
EndProject
Project("{9A19103F-16F7-4668-BE54-9A1E7A4F7556}") = "STATIC_CONTENT_CSS", "STATIC_CONTENT_CSS\STATIC_CONTENT_CSS.csproj", "{CE0B5BBA-606A-443B-9A9A-714539BE0388}"
EndProject
Project("{9A19103F-16F7-4668-BE54-9A1E7A4F7556}") = "LAYOUT_INTRODUCTION", "LAYOUT_INTRODUCTION\LAYOUT_INTRODUCTION.csproj", "{891C2A44-7B5C-439F-AF71-313419D57AF4}"
EndProject
Project("{9A19103F-16F7-4668-BE54-9A1E7A4F7556}") = "FILE_VIEWSTART", "FILE_VIEWSTART\FILE_VIEWSTART.csproj", "{84F3CD73-3F50-4E38-9EB0-938D8BDBE74F}"
EndProject
Project("{9A19103F-16F7-4668-BE54-9A1E7A4F7556}") = "VIEW_EXERCICES", "VIEW_EXERCICES\VIEW_EXERCICES.csproj", "{613218F5-C0FD-40F9-98A5-6316A8230CB0}"
EndProject
Project("{9A19103F-16F7-4668-BE54-9A1E7A4F7556}") = "MODEL_INTRODUCTION", "MODEL_INTRODUCTION\MODEL_INTRODUCTION.csproj", "{1C0C2AFE-F782-48E7-BE9A-6105E0FF310F}"
EndProject
Project("{9A19103F-16F7-4668-BE54-9A1E7A4F7556}") = "MODEL_NAVIGATION_DETAILS", "MODEL_NAVIGATION_DETAILS\MODEL_NAVIGATION_DETAILS.csproj", "{91B04DD0-8B1B-4404-ABCE-5F48BAE574C7}"
EndProject
Project("{9A19103F-16F7-4668-BE54-9A1E7A4F7556}") = "ROUTE_WITH_HTTP_VERBS", "ROUTE_WITH_HTTP_VERBS\ROUTE_WITH_HTTP_VERBS.csproj", "{50E39874-2A85-4685-955B-8DD8E7FAEB85}"
EndProject
Project("{9A19103F-16F7-4668-BE54-9A1E7A4F7556}") = "TEST_WITHOUT_DEBUG_AND_ATTRIBUTE_ROUTE", "TEST_WITHOUT_DEBUG_AND_ATTRIBUTE_ROUTE\TEST_WITHOUT_DEBUG_AND_ATTRIBUTE_ROUTE.csproj", "{0F43CF73-406F-4602-BA05-2C772636FA67}"
EndProject
Project("{9A19103F-16F7-4668-BE54-9A1E7A4F7556}") = "MODEL_FORM", "MODEL_FORM\MODEL_FORM.csproj", "{B9B9652E-C22B-4691-A738-20F6C8F4B33C}"
EndProject
Project("{9A19103F-16F7-4668-BE54-9A1E7A4F7556}") = "WORKING_WITH_LIBRARIES", "WORKING_WITH_LIBRARIES\WORKING_WITH_LIBRARIES.csproj", "{002537C5-10C4-41EC-BF59-CD364DC648CC}"
EndProject
Project("{9A19103F-16F7-4668-BE54-9A1E7A4F7556}") = "ROUTE_SYSTEM", "ROUTE_SYSTEM\ROUTE_SYSTEM.csproj", "{2952C237-A2A2-4647-873E-A86923381C60}"
EndProject
Project("{9A19103F-16F7-4668-BE54-9A1E7A4F7556}") = "CODE_FIRST", "CODE_FIRST\CODE_FIRST.csproj", "{9DEE0BE3-3D63-4ED7-96DA-931E63797AFD}"
EndProject
Project("{9A19103F-16F7-4668-BE54-9A1E7A4F7556}") = "DB_FIRST", "DB_FIRST\DB_FIRST.csproj", "{344FB15D-56E3-4ECF-BB26-0B1CE8C45221}"
EndProject
Project("{9A19103F-16F7-4668-BE54-9A1E7A4F7556}") = "AJAX", "AJAX\AJAX.csproj", "{D19216E1-16D3-4158-8D8D-422AD158E481}"
EndProject
Project("{9A19103F-16F7-4668-BE54-9A1E7A4F7556}") = "PARTIAL_VIEW_WITH_AWAIT", "PARTIAL_VIEW_WITH_AWAIT\PARTIAL_VIEW_WITH_AWAIT.csproj", "{9DB6CC55-9F30-4CE7-B834-5B52F7550952}"
EndProject
Project("{9A19103F-16F7-4668-BE54-9A1E7A4F7556}") = "VIEWS_COMPONENTS", "VIEWS_COMPONENTS\VIEWS_COMPONENTS.csproj", "{B052B98E-987F-4B22-BB80-BF99A68B6471}"
EndProject
Project("{9A19103F-16F7-4668-BE54-9A1E7A4F7556}") = "MINI_PROJECT_CRYPTO_CURRENCY", "MINI_PROJECT_CRYPTO_CURRENCY\MINI_PROJECT_CRYPTO_CURRENCY.csproj", "{4E6CE498-178A-4247-89A2-76C7AB83055A}"
EndProject
Project("{9A19103F-16F7-4668-BE54-9A1E7A4F7556}") = "AREAS", "AREAS\AREAS.csproj", "{F73A31D6-C739-4D77-B376-F178FB671B32}"
EndProject
Project("{9A19103F-16F7-4668-BE54-9A1E7A4F7556}") = "VALIDATIONS", "VALIDATIONS\VALIDATIONS.csproj", "{0D45373D-E8B3-45B9-82C2-0062222FDFDC}"
EndProject
Project("{9A19103F-16F7-4668-BE54-9A1E7A4F7556}") = "TABLE_NOTATIONS", "TABLE_NOTATIONS\TABLE_NOTATIONS.csproj", "{C37C72A4-A9A1-4126-A14D-DEFA6E0CDAD7}"
EndProject
Project("{9A19103F-16F7-4668-BE54-9A1E7A4F7556}") = "TEMP_DATA", "TEMP_DATA\TEMP_DATA.csproj", "{6053D877-752A-4586-BBB2-81821A5E50AA}"
EndProject
Project("{9A19103F-16F7-4668-BE54-9A1E7A4F7556}") = "FLUENT_API", "FLUENT_API\FLUENT_API.csproj", "{2C245CF3-0D25-4CB2-B63E-F21C0AF7974D}"
EndProject
Project("{9A19103F-16F7-4668-BE54-9A1E7A4F7556}") = "RELATIONSHIP_01_11", "RELATIONSHIP_01_11\RELATIONSHIP_01_11.csproj", "{DBE54DD9-494D-4797-83CC-D0973DB4A454}"
EndProject
Project("{9A19103F-16F7-4668-BE54-9A1E7A4F7556}") = "RELATIONSHIP_1N", "RELATIONSHIP_1N\RELATIONSHIP_1N.csproj", "{684BCB44-C2CC-4029-B820-CBFE87E178AA}"
EndProject
Project("{9A19103F-16F7-4668-BE54-9A1E7A4F7556}") = "RELATIONSHIP_NN", "RELATIONSHIP_NN\RELATIONSHIP_NN.csproj", "{639E49AA-40AC-448F-A7FE-BFD2D3FA4078}"
EndProject
Project("{FAE04EC0-301F-11D3-BF4B-00C04F79EFBC}") = "SEARCH_REGISTRY", "SEARCH_REGISTRY\SEARCH_REGISTRY.csproj", "{1E549D01-037B-4683-9405-5801F1D26C30}"
EndProject
Project("{FAE04EC0-301F-11D3-BF4B-00C04F79EFBC}") = "PAGINATION", "PAGINATION\PAGINATION.csproj", "{E2C971BD-CDD8-43DF-9A13-7CF5190394E9}"
EndProject
Global
	GlobalSection(SolutionConfigurationPlatforms) = preSolution
		Debug|Any CPU = Debug|Any CPU
		Release|Any CPU = Release|Any CPU
	EndGlobalSection
	GlobalSection(ProjectConfigurationPlatforms) = postSolution
		{7DEE620F-B69C-4CDA-A629-C439E360C335}.Debug|Any CPU.ActiveCfg = Debug|Any CPU
		{7DEE620F-B69C-4CDA-A629-C439E360C335}.Debug|Any CPU.Build.0 = Debug|Any CPU
		{7DEE620F-B69C-4CDA-A629-C439E360C335}.Release|Any CPU.ActiveCfg = Release|Any CPU
		{7DEE620F-B69C-4CDA-A629-C439E360C335}.Release|Any CPU.Build.0 = Release|Any CPU
		{3E81B91B-E9A1-46A5-A09D-75F46C5BC8F0}.Debug|Any CPU.ActiveCfg = Debug|Any CPU
		{3E81B91B-E9A1-46A5-A09D-75F46C5BC8F0}.Debug|Any CPU.Build.0 = Debug|Any CPU
		{3E81B91B-E9A1-46A5-A09D-75F46C5BC8F0}.Release|Any CPU.ActiveCfg = Release|Any CPU
		{3E81B91B-E9A1-46A5-A09D-75F46C5BC8F0}.Release|Any CPU.Build.0 = Release|Any CPU
		{9BE31FA3-78F5-415B-BBAA-A27376B30943}.Debug|Any CPU.ActiveCfg = Debug|Any CPU
		{9BE31FA3-78F5-415B-BBAA-A27376B30943}.Debug|Any CPU.Build.0 = Debug|Any CPU
		{9BE31FA3-78F5-415B-BBAA-A27376B30943}.Release|Any CPU.ActiveCfg = Release|Any CPU
		{9BE31FA3-78F5-415B-BBAA-A27376B30943}.Release|Any CPU.Build.0 = Release|Any CPU
		{DE58D16F-07FA-4BC9-91E6-AB4CA949076D}.Debug|Any CPU.ActiveCfg = Debug|Any CPU
		{DE58D16F-07FA-4BC9-91E6-AB4CA949076D}.Debug|Any CPU.Build.0 = Debug|Any CPU
		{DE58D16F-07FA-4BC9-91E6-AB4CA949076D}.Release|Any CPU.ActiveCfg = Release|Any CPU
		{DE58D16F-07FA-4BC9-91E6-AB4CA949076D}.Release|Any CPU.Build.0 = Release|Any CPU
		{FCB4F207-E6EC-4B75-9DF4-D26D21C81E96}.Debug|Any CPU.ActiveCfg = Debug|Any CPU
		{FCB4F207-E6EC-4B75-9DF4-D26D21C81E96}.Debug|Any CPU.Build.0 = Debug|Any CPU
		{FCB4F207-E6EC-4B75-9DF4-D26D21C81E96}.Release|Any CPU.ActiveCfg = Release|Any CPU
		{FCB4F207-E6EC-4B75-9DF4-D26D21C81E96}.Release|Any CPU.Build.0 = Release|Any CPU
		{2BFC8471-4446-486E-98A4-7BA81A7724DC}.Debug|Any CPU.ActiveCfg = Debug|Any CPU
		{2BFC8471-4446-486E-98A4-7BA81A7724DC}.Debug|Any CPU.Build.0 = Debug|Any CPU
		{2BFC8471-4446-486E-98A4-7BA81A7724DC}.Release|Any CPU.ActiveCfg = Release|Any CPU
		{2BFC8471-4446-486E-98A4-7BA81A7724DC}.Release|Any CPU.Build.0 = Release|Any CPU
		{B4727965-F674-4C5E-9FEB-830200571CE9}.Debug|Any CPU.ActiveCfg = Debug|Any CPU
		{B4727965-F674-4C5E-9FEB-830200571CE9}.Debug|Any CPU.Build.0 = Debug|Any CPU
		{B4727965-F674-4C5E-9FEB-830200571CE9}.Release|Any CPU.ActiveCfg = Release|Any CPU
		{B4727965-F674-4C5E-9FEB-830200571CE9}.Release|Any CPU.Build.0 = Release|Any CPU
		{F19E5A9E-0A71-48B5-82B9-E0E7F32BFEF3}.Debug|Any CPU.ActiveCfg = Debug|Any CPU
		{F19E5A9E-0A71-48B5-82B9-E0E7F32BFEF3}.Debug|Any CPU.Build.0 = Debug|Any CPU
		{F19E5A9E-0A71-48B5-82B9-E0E7F32BFEF3}.Release|Any CPU.ActiveCfg = Release|Any CPU
		{F19E5A9E-0A71-48B5-82B9-E0E7F32BFEF3}.Release|Any CPU.Build.0 = Release|Any CPU
		{CE0B5BBA-606A-443B-9A9A-714539BE0388}.Debug|Any CPU.ActiveCfg = Debug|Any CPU
		{CE0B5BBA-606A-443B-9A9A-714539BE0388}.Debug|Any CPU.Build.0 = Debug|Any CPU
		{CE0B5BBA-606A-443B-9A9A-714539BE0388}.Release|Any CPU.ActiveCfg = Release|Any CPU
		{CE0B5BBA-606A-443B-9A9A-714539BE0388}.Release|Any CPU.Build.0 = Release|Any CPU
		{891C2A44-7B5C-439F-AF71-313419D57AF4}.Debug|Any CPU.ActiveCfg = Debug|Any CPU
		{891C2A44-7B5C-439F-AF71-313419D57AF4}.Debug|Any CPU.Build.0 = Debug|Any CPU
		{891C2A44-7B5C-439F-AF71-313419D57AF4}.Release|Any CPU.ActiveCfg = Release|Any CPU
		{891C2A44-7B5C-439F-AF71-313419D57AF4}.Release|Any CPU.Build.0 = Release|Any CPU
		{84F3CD73-3F50-4E38-9EB0-938D8BDBE74F}.Debug|Any CPU.ActiveCfg = Debug|Any CPU
		{84F3CD73-3F50-4E38-9EB0-938D8BDBE74F}.Debug|Any CPU.Build.0 = Debug|Any CPU
		{84F3CD73-3F50-4E38-9EB0-938D8BDBE74F}.Release|Any CPU.ActiveCfg = Release|Any CPU
		{84F3CD73-3F50-4E38-9EB0-938D8BDBE74F}.Release|Any CPU.Build.0 = Release|Any CPU
		{613218F5-C0FD-40F9-98A5-6316A8230CB0}.Debug|Any CPU.ActiveCfg = Debug|Any CPU
		{613218F5-C0FD-40F9-98A5-6316A8230CB0}.Debug|Any CPU.Build.0 = Debug|Any CPU
		{613218F5-C0FD-40F9-98A5-6316A8230CB0}.Release|Any CPU.ActiveCfg = Release|Any CPU
		{613218F5-C0FD-40F9-98A5-6316A8230CB0}.Release|Any CPU.Build.0 = Release|Any CPU
		{1C0C2AFE-F782-48E7-BE9A-6105E0FF310F}.Debug|Any CPU.ActiveCfg = Debug|Any CPU
		{1C0C2AFE-F782-48E7-BE9A-6105E0FF310F}.Debug|Any CPU.Build.0 = Debug|Any CPU
		{1C0C2AFE-F782-48E7-BE9A-6105E0FF310F}.Release|Any CPU.ActiveCfg = Release|Any CPU
		{1C0C2AFE-F782-48E7-BE9A-6105E0FF310F}.Release|Any CPU.Build.0 = Release|Any CPU
		{91B04DD0-8B1B-4404-ABCE-5F48BAE574C7}.Debug|Any CPU.ActiveCfg = Debug|Any CPU
		{91B04DD0-8B1B-4404-ABCE-5F48BAE574C7}.Debug|Any CPU.Build.0 = Debug|Any CPU
		{91B04DD0-8B1B-4404-ABCE-5F48BAE574C7}.Release|Any CPU.ActiveCfg = Release|Any CPU
		{91B04DD0-8B1B-4404-ABCE-5F48BAE574C7}.Release|Any CPU.Build.0 = Release|Any CPU
		{50E39874-2A85-4685-955B-8DD8E7FAEB85}.Debug|Any CPU.ActiveCfg = Debug|Any CPU
		{50E39874-2A85-4685-955B-8DD8E7FAEB85}.Debug|Any CPU.Build.0 = Debug|Any CPU
		{50E39874-2A85-4685-955B-8DD8E7FAEB85}.Release|Any CPU.ActiveCfg = Release|Any CPU
		{50E39874-2A85-4685-955B-8DD8E7FAEB85}.Release|Any CPU.Build.0 = Release|Any CPU
		{0F43CF73-406F-4602-BA05-2C772636FA67}.Debug|Any CPU.ActiveCfg = Debug|Any CPU
		{0F43CF73-406F-4602-BA05-2C772636FA67}.Debug|Any CPU.Build.0 = Debug|Any CPU
		{0F43CF73-406F-4602-BA05-2C772636FA67}.Release|Any CPU.ActiveCfg = Release|Any CPU
		{0F43CF73-406F-4602-BA05-2C772636FA67}.Release|Any CPU.Build.0 = Release|Any CPU
		{B9B9652E-C22B-4691-A738-20F6C8F4B33C}.Debug|Any CPU.ActiveCfg = Debug|Any CPU
		{B9B9652E-C22B-4691-A738-20F6C8F4B33C}.Debug|Any CPU.Build.0 = Debug|Any CPU
		{B9B9652E-C22B-4691-A738-20F6C8F4B33C}.Release|Any CPU.ActiveCfg = Release|Any CPU
		{B9B9652E-C22B-4691-A738-20F6C8F4B33C}.Release|Any CPU.Build.0 = Release|Any CPU
		{002537C5-10C4-41EC-BF59-CD364DC648CC}.Debug|Any CPU.ActiveCfg = Debug|Any CPU
		{002537C5-10C4-41EC-BF59-CD364DC648CC}.Debug|Any CPU.Build.0 = Debug|Any CPU
		{002537C5-10C4-41EC-BF59-CD364DC648CC}.Release|Any CPU.ActiveCfg = Release|Any CPU
		{002537C5-10C4-41EC-BF59-CD364DC648CC}.Release|Any CPU.Build.0 = Release|Any CPU
		{2952C237-A2A2-4647-873E-A86923381C60}.Debug|Any CPU.ActiveCfg = Debug|Any CPU
		{2952C237-A2A2-4647-873E-A86923381C60}.Debug|Any CPU.Build.0 = Debug|Any CPU
		{2952C237-A2A2-4647-873E-A86923381C60}.Release|Any CPU.ActiveCfg = Release|Any CPU
		{2952C237-A2A2-4647-873E-A86923381C60}.Release|Any CPU.Build.0 = Release|Any CPU
		{9DEE0BE3-3D63-4ED7-96DA-931E63797AFD}.Debug|Any CPU.ActiveCfg = Debug|Any CPU
		{9DEE0BE3-3D63-4ED7-96DA-931E63797AFD}.Debug|Any CPU.Build.0 = Debug|Any CPU
		{9DEE0BE3-3D63-4ED7-96DA-931E63797AFD}.Release|Any CPU.ActiveCfg = Release|Any CPU
		{9DEE0BE3-3D63-4ED7-96DA-931E63797AFD}.Release|Any CPU.Build.0 = Release|Any CPU
		{344FB15D-56E3-4ECF-BB26-0B1CE8C45221}.Debug|Any CPU.ActiveCfg = Debug|Any CPU
		{344FB15D-56E3-4ECF-BB26-0B1CE8C45221}.Debug|Any CPU.Build.0 = Debug|Any CPU
		{344FB15D-56E3-4ECF-BB26-0B1CE8C45221}.Release|Any CPU.ActiveCfg = Release|Any CPU
		{344FB15D-56E3-4ECF-BB26-0B1CE8C45221}.Release|Any CPU.Build.0 = Release|Any CPU
		{D19216E1-16D3-4158-8D8D-422AD158E481}.Debug|Any CPU.ActiveCfg = Debug|Any CPU
		{D19216E1-16D3-4158-8D8D-422AD158E481}.Debug|Any CPU.Build.0 = Debug|Any CPU
		{D19216E1-16D3-4158-8D8D-422AD158E481}.Release|Any CPU.ActiveCfg = Release|Any CPU
		{D19216E1-16D3-4158-8D8D-422AD158E481}.Release|Any CPU.Build.0 = Release|Any CPU
		{9DB6CC55-9F30-4CE7-B834-5B52F7550952}.Debug|Any CPU.ActiveCfg = Debug|Any CPU
		{9DB6CC55-9F30-4CE7-B834-5B52F7550952}.Debug|Any CPU.Build.0 = Debug|Any CPU
		{9DB6CC55-9F30-4CE7-B834-5B52F7550952}.Release|Any CPU.ActiveCfg = Release|Any CPU
		{9DB6CC55-9F30-4CE7-B834-5B52F7550952}.Release|Any CPU.Build.0 = Release|Any CPU
		{B052B98E-987F-4B22-BB80-BF99A68B6471}.Debug|Any CPU.ActiveCfg = Debug|Any CPU
		{B052B98E-987F-4B22-BB80-BF99A68B6471}.Debug|Any CPU.Build.0 = Debug|Any CPU
		{B052B98E-987F-4B22-BB80-BF99A68B6471}.Release|Any CPU.ActiveCfg = Release|Any CPU
		{B052B98E-987F-4B22-BB80-BF99A68B6471}.Release|Any CPU.Build.0 = Release|Any CPU
		{4E6CE498-178A-4247-89A2-76C7AB83055A}.Debug|Any CPU.ActiveCfg = Debug|Any CPU
		{4E6CE498-178A-4247-89A2-76C7AB83055A}.Debug|Any CPU.Build.0 = Debug|Any CPU
		{4E6CE498-178A-4247-89A2-76C7AB83055A}.Release|Any CPU.ActiveCfg = Release|Any CPU
		{4E6CE498-178A-4247-89A2-76C7AB83055A}.Release|Any CPU.Build.0 = Release|Any CPU
		{F73A31D6-C739-4D77-B376-F178FB671B32}.Debug|Any CPU.ActiveCfg = Debug|Any CPU
		{F73A31D6-C739-4D77-B376-F178FB671B32}.Debug|Any CPU.Build.0 = Debug|Any CPU
		{F73A31D6-C739-4D77-B376-F178FB671B32}.Release|Any CPU.ActiveCfg = Release|Any CPU
		{F73A31D6-C739-4D77-B376-F178FB671B32}.Release|Any CPU.Build.0 = Release|Any CPU
		{0D45373D-E8B3-45B9-82C2-0062222FDFDC}.Debug|Any CPU.ActiveCfg = Debug|Any CPU
		{0D45373D-E8B3-45B9-82C2-0062222FDFDC}.Debug|Any CPU.Build.0 = Debug|Any CPU
		{0D45373D-E8B3-45B9-82C2-0062222FDFDC}.Release|Any CPU.ActiveCfg = Release|Any CPU
		{0D45373D-E8B3-45B9-82C2-0062222FDFDC}.Release|Any CPU.Build.0 = Release|Any CPU
		{C37C72A4-A9A1-4126-A14D-DEFA6E0CDAD7}.Debug|Any CPU.ActiveCfg = Debug|Any CPU
		{C37C72A4-A9A1-4126-A14D-DEFA6E0CDAD7}.Debug|Any CPU.Build.0 = Debug|Any CPU
		{C37C72A4-A9A1-4126-A14D-DEFA6E0CDAD7}.Release|Any CPU.ActiveCfg = Release|Any CPU
		{C37C72A4-A9A1-4126-A14D-DEFA6E0CDAD7}.Release|Any CPU.Build.0 = Release|Any CPU
		{6053D877-752A-4586-BBB2-81821A5E50AA}.Debug|Any CPU.ActiveCfg = Debug|Any CPU
		{6053D877-752A-4586-BBB2-81821A5E50AA}.Debug|Any CPU.Build.0 = Debug|Any CPU
		{6053D877-752A-4586-BBB2-81821A5E50AA}.Release|Any CPU.ActiveCfg = Release|Any CPU
		{6053D877-752A-4586-BBB2-81821A5E50AA}.Release|Any CPU.Build.0 = Release|Any CPU
		{2C245CF3-0D25-4CB2-B63E-F21C0AF7974D}.Debug|Any CPU.ActiveCfg = Debug|Any CPU
		{2C245CF3-0D25-4CB2-B63E-F21C0AF7974D}.Debug|Any CPU.Build.0 = Debug|Any CPU
		{2C245CF3-0D25-4CB2-B63E-F21C0AF7974D}.Release|Any CPU.ActiveCfg = Release|Any CPU
		{2C245CF3-0D25-4CB2-B63E-F21C0AF7974D}.Release|Any CPU.Build.0 = Release|Any CPU
		{DBE54DD9-494D-4797-83CC-D0973DB4A454}.Debug|Any CPU.ActiveCfg = Debug|Any CPU
		{DBE54DD9-494D-4797-83CC-D0973DB4A454}.Debug|Any CPU.Build.0 = Debug|Any CPU
		{DBE54DD9-494D-4797-83CC-D0973DB4A454}.Release|Any CPU.ActiveCfg = Release|Any CPU
		{DBE54DD9-494D-4797-83CC-D0973DB4A454}.Release|Any CPU.Build.0 = Release|Any CPU
		{684BCB44-C2CC-4029-B820-CBFE87E178AA}.Debug|Any CPU.ActiveCfg = Debug|Any CPU
		{684BCB44-C2CC-4029-B820-CBFE87E178AA}.Debug|Any CPU.Build.0 = Debug|Any CPU
		{684BCB44-C2CC-4029-B820-CBFE87E178AA}.Release|Any CPU.ActiveCfg = Release|Any CPU
		{684BCB44-C2CC-4029-B820-CBFE87E178AA}.Release|Any CPU.Build.0 = Release|Any CPU
		{639E49AA-40AC-448F-A7FE-BFD2D3FA4078}.Debug|Any CPU.ActiveCfg = Debug|Any CPU
		{639E49AA-40AC-448F-A7FE-BFD2D3FA4078}.Debug|Any CPU.Build.0 = Debug|Any CPU
		{639E49AA-40AC-448F-A7FE-BFD2D3FA4078}.Release|Any CPU.ActiveCfg = Release|Any CPU
		{639E49AA-40AC-448F-A7FE-BFD2D3FA4078}.Release|Any CPU.Build.0 = Release|Any CPU
		{1E549D01-037B-4683-9405-5801F1D26C30}.Debug|Any CPU.ActiveCfg = Debug|Any CPU
		{1E549D01-037B-4683-9405-5801F1D26C30}.Debug|Any CPU.Build.0 = Debug|Any CPU
		{1E549D01-037B-4683-9405-5801F1D26C30}.Release|Any CPU.ActiveCfg = Release|Any CPU
		{1E549D01-037B-4683-9405-5801F1D26C30}.Release|Any CPU.Build.0 = Release|Any CPU
		{E2C971BD-CDD8-43DF-9A13-7CF5190394E9}.Debug|Any CPU.ActiveCfg = Debug|Any CPU
		{E2C971BD-CDD8-43DF-9A13-7CF5190394E9}.Debug|Any CPU.Build.0 = Debug|Any CPU
		{E2C971BD-CDD8-43DF-9A13-7CF5190394E9}.Release|Any CPU.ActiveCfg = Release|Any CPU
		{E2C971BD-CDD8-43DF-9A13-7CF5190394E9}.Release|Any CPU.Build.0 = Release|Any CPU
	EndGlobalSection
	GlobalSection(SolutionProperties) = preSolution
		HideSolutionNode = FALSE
	EndGlobalSection
	GlobalSection(ExtensibilityGlobals) = postSolution
		SolutionGuid = {59859DA4-3AF6-4B35-8C73-797EC1BC7E4C}
	EndGlobalSection
EndGlobal
